
Microsoft Visual Studio Solution File, Format Version 12.00
# Visual Studio Version 16
VisualStudioVersion = 25.0.1704.2
MinimumVisualStudioVersion = 10.0.40219.1
Project("{FAE04EC0-301F-11D3-BF4B-00C04F79EFBC}") = "ispyai-rest-api", "ispyai-rest-api\ispyai-rest-api.csproj", "{A0657C3A-9A6D-4AE4-959B-5CE68D0351C4}"
EndProject
Global
	GlobalSection(SolutionConfigurationPlatforms) = preSolution
		Debug|Any CPU = Debug|Any CPU
		Release|Any CPU = Release|Any CPU
	EndGlobalSection
	GlobalSection(ProjectConfigurationPlatforms) = postSolution
		{A0657C3A-9A6D-4AE4-959B-5CE68D0351C4}.Debug|Any CPU.ActiveCfg = Debug|Any CPU
		{A0657C3A-9A6D-4AE4-959B-5CE68D0351C4}.Debug|Any CPU.Build.0 = Debug|Any CPU
		{A0657C3A-9A6D-4AE4-959B-5CE68D0351C4}.Release|Any CPU.ActiveCfg = Release|Any CPU
		{A0657C3A-9A6D-4AE4-959B-5CE68D0351C4}.Release|Any CPU.Build.0 = Release|Any CPU
	EndGlobalSection
	GlobalSection(SolutionProperties) = preSolution
		HideSolutionNode = FALSE
	EndGlobalSection
	GlobalSection(ExtensibilityGlobals) = postSolution
		SolutionGuid = {6EC8858E-D088-4C87-A464-13266B1BB074}
	EndGlobalSection
EndGlobal
